// !$*UTF8*$!
{
	archiveVersion = 1;
	classes = {
	};
	objectVersion = 50;
	objects = {

/* Begin PBXBuildFile section */
		BE4BEC3B25CA4CCA00C8A50F /* GuessTheFlagApp.swift in Sources */ = {isa = PBXBuildFile; fileRef = BE4BEC3A25CA4CCA00C8A50F /* GuessTheFlagApp.swift */; };
		BE4BEC3D25CA4CCA00C8A50F /* ContentView.swift in Sources */ = {isa = PBXBuildFile; fileRef = BE4BEC3C25CA4CCA00C8A50F /* ContentView.swift */; };
		BE4BEC3F25CA4CD200C8A50F /* Assets.xcassets in Resources */ = {isa = PBXBuildFile; fileRef = BE4BEC3E25CA4CD200C8A50F /* Assets.xcassets */; };
		BE4BEC4225CA4CD200C8A50F /* Preview Assets.xcassets in Resources */ = {isa = PBXBuildFile; fileRef = BE4BEC4125CA4CD200C8A50F /* Preview Assets.xcassets */; };
		BE4BEC4D25CA4CD300C8A50F /* GuessTheFlagTests.swift in Sources */ = {isa = PBXBuildFile; fileRef = BE4BEC4C25CA4CD300C8A50F /* GuessTheFlagTests.swift */; };
		BE4BEC5825CA4CD300C8A50F /* GuessTheFlagUITests.swift in Sources */ = {isa = PBXBuildFile; fileRef = BE4BEC5725CA4CD300C8A50F /* GuessTheFlagUITests.swift */; };
/* End PBXBuildFile section */

/* Begin PBXContainerItemProxy section */
		BE4BEC4925CA4CD300C8A50F /* PBXContainerItemProxy */ = {
			isa = PBXContainerItemProxy;
			containerPortal = BE4BEC2F25CA4CCA00C8A50F /* Project object */;
			proxyType = 1;
			remoteGlobalIDString = BE4BEC3625CA4CCA00C8A50F;
			remoteInfo = GuessTheFlag;
		};
		BE4BEC5425CA4CD300C8A50F /* PBXContainerItemProxy */ = {
			isa = PBXContainerItemProxy;
			containerPortal = BE4BEC2F25CA4CCA00C8A50F /* Project object */;
			proxyType = 1;
			remoteGlobalIDString = BE4BEC3625CA4CCA00C8A50F;
			remoteInfo = GuessTheFlag;
		};
/* End PBXContainerItemProxy section */

/* Begin PBXFileReference section */
		BE4BEC3725CA4CCA00C8A50F /* GuessTheFlag.app */ = {isa = PBXFileReference; explicitFileType = wrapper.application; includeInIndex = 0; path = GuessTheFlag.app; sourceTree = BUILT_PRODUCTS_DIR; };
		BE4BEC3A25CA4CCA00C8A50F /* GuessTheFlagApp.swift */ = {isa = PBXFileReference; lastKnownFileType = sourcecode.swift; path = GuessTheFlagApp.swift; sourceTree = "<group>"; };
		BE4BEC3C25CA4CCA00C8A50F /* ContentView.swift */ = {isa = PBXFileReference; lastKnownFileType = sourcecode.swift; path = ContentView.swift; sourceTree = "<group>"; };
		BE4BEC3E25CA4CD200C8A50F /* Assets.xcassets */ = {isa = PBXFileReference; lastKnownFileType = folder.assetcatalog; path = Assets.xcassets; sourceTree = "<group>"; };
		BE4BEC4125CA4CD200C8A50F /* Preview Assets.xcassets */ = {isa = PBXFileReference; lastKnownFileType = folder.assetcatalog; path = "Preview Assets.xcassets"; sourceTree = "<group>"; };
		BE4BEC4325CA4CD200C8A50F /* Info.plist */ = {isa = PBXFileReference; lastKnownFileType = text.plist.xml; path = Info.plist; sourceTree = "<group>"; };
		BE4BEC4825CA4CD300C8A50F /* GuessTheFlagTests.xctest */ = {isa = PBXFileReference; explicitFileType = wrapper.cfbundle; includeInIndex = 0; path = GuessTheFlagTests.xctest; sourceTree = BUILT_PRODUCTS_DIR; };
		BE4BEC4C25CA4CD300C8A50F /* GuessTheFlagTests.swift */ = {isa = PBXFileReference; lastKnownFileType = sourcecode.swift; path = GuessTheFlagTests.swift; sourceTree = "<group>"; };
		BE4BEC4E25CA4CD300C8A50F /* Info.plist */ = {isa = PBXFileReference; lastKnownFileType = text.plist.xml; path = Info.plist; sourceTree = "<group>"; };
		BE4BEC5325CA4CD300C8A50F /* GuessTheFlagUITests.xctest */ = {isa = PBXFileReference; explicitFileType = wrapper.cfbundle; includeInIndex = 0; path = GuessTheFlagUITests.xctest; sourceTree = BUILT_PRODUCTS_DIR; };
		BE4BEC5725CA4CD300C8A50F /* GuessTheFlagUITests.swift */ = {isa = PBXFileReference; lastKnownFileType = sourcecode.swift; path = GuessTheFlagUITests.swift; sourceTree = "<group>"; };
		BE4BEC5925CA4CD300C8A50F /* Info.plist */ = {isa = PBXFileReference; lastKnownFileType = text.plist.xml; path = Info.plist; sourceTree = "<group>"; };
/* End PBXFileReference section */

/* Begin PBXFrameworksBuildPhase section */
		BE4BEC3425CA4CCA00C8A50F /* Frameworks */ = {
			isa = PBXFrameworksBuildPhase;
			buildActionMask = 2147483647;
			files = (
			);
			runOnlyForDeploymentPostprocessing = 0;
		};
		BE4BEC4525CA4CD300C8A50F /* Frameworks */ = {
			isa = PBXFrameworksBuildPhase;
			buildActionMask = 2147483647;
			files = (
			);
			runOnlyForDeploymentPostprocessing = 0;
		};
		BE4BEC5025CA4CD300C8A50F /* Frameworks */ = {
			isa = PBXFrameworksBuildPhase;
			buildActionMask = 2147483647;
			files = (
			);
			runOnlyForDeploymentPostprocessing = 0;
		};
/* End PBXFrameworksBuildPhase section */

/* Begin PBXGroup section */
		BE4BEC2E25CA4CCA00C8A50F = {
			isa = PBXGroup;
			children = (
				BE4BEC3925CA4CCA00C8A50F /* GuessTheFlag */,
				BE4BEC4B25CA4CD300C8A50F /* GuessTheFlagTests */,
				BE4BEC5625CA4CD300C8A50F /* GuessTheFlagUITests */,
				BE4BEC3825CA4CCA00C8A50F /* Products */,
			);
			sourceTree = "<group>";
		};
		BE4BEC3825CA4CCA00C8A50F /* Products */ = {
			isa = PBXGroup;
			children = (
				BE4BEC3725CA4CCA00C8A50F /* GuessTheFlag.app */,
				BE4BEC4825CA4CD300C8A50F /* GuessTheFlagTests.xctest */,
				BE4BEC5325CA4CD300C8A50F /* GuessTheFlagUITests.xctest */,
			);
			name = Products;
			sourceTree = "<group>";
		};
		BE4BEC3925CA4CCA00C8A50F /* GuessTheFlag */ = {
			isa = PBXGroup;
			children = (
				BE4BEC3A25CA4CCA00C8A50F /* GuessTheFlagApp.swift */,
				BE4BEC3C25CA4CCA00C8A50F /* ContentView.swift */,
				BE4BEC3E25CA4CD200C8A50F /* Assets.xcassets */,
				BE4BEC4325CA4CD200C8A50F /* Info.plist */,
				BE4BEC4025CA4CD200C8A50F /* Preview Content */,
			);
			path = GuessTheFlag;
			sourceTree = "<group>";
		};
		BE4BEC4025CA4CD200C8A50F /* Preview Content */ = {
			isa = PBXGroup;
			children = (
				BE4BEC4125CA4CD200C8A50F /* Preview Assets.xcassets */,
			);
			path = "Preview Content";
			sourceTree = "<group>";
		};
		BE4BEC4B25CA4CD300C8A50F /* GuessTheFlagTests */ = {
			isa = PBXGroup;
			children = (
				BE4BEC4C25CA4CD300C8A50F /* GuessTheFlagTests.swift */,
				BE4BEC4E25CA4CD300C8A50F /* Info.plist */,
			);
			path = GuessTheFlagTests;
			sourceTree = "<group>";
		};
		BE4BEC5625CA4CD300C8A50F /* GuessTheFlagUITests */ = {
			isa = PBXGroup;
			children = (
				BE4BEC5725CA4CD300C8A50F /* GuessTheFlagUITests.swift */,
				BE4BEC5925CA4CD300C8A50F /* Info.plist */,
			);
			path = GuessTheFlagUITests;
			sourceTree = "<group>";
		};
/* End PBXGroup section */

/* Begin PBXNativeTarget section */
		BE4BEC3625CA4CCA00C8A50F /* GuessTheFlag */ = {
			isa = PBXNativeTarget;
			buildConfigurationList = BE4BEC5C25CA4CD300C8A50F /* Build configuration list for PBXNativeTarget "GuessTheFlag" */;
			buildPhases = (
				BE4BEC3325CA4CCA00C8A50F /* Sources */,
				BE4BEC3425CA4CCA00C8A50F /* Frameworks */,
				BE4BEC3525CA4CCA00C8A50F /* Resources */,
			);
			buildRules = (
			);
			dependencies = (
			);
			name = GuessTheFlag;
			productName = GuessTheFlag;
			productReference = BE4BEC3725CA4CCA00C8A50F /* GuessTheFlag.app */;
			productType = "com.apple.product-type.application";
		};
		BE4BEC4725CA4CD300C8A50F /* GuessTheFlagTests */ = {
			isa = PBXNativeTarget;
			buildConfigurationList = BE4BEC5F25CA4CD300C8A50F /* Build configuration list for PBXNativeTarget "GuessTheFlagTests" */;
			buildPhases = (
				BE4BEC4425CA4CD300C8A50F /* Sources */,
				BE4BEC4525CA4CD300C8A50F /* Frameworks */,
				BE4BEC4625CA4CD300C8A50F /* Resources */,
			);
			buildRules = (
			);
			dependencies = (
				BE4BEC4A25CA4CD300C8A50F /* PBXTargetDependency */,
			);
			name = GuessTheFlagTests;
			productName = GuessTheFlagTests;
			productReference = BE4BEC4825CA4CD300C8A50F /* GuessTheFlagTests.xctest */;
			productType = "com.apple.product-type.bundle.unit-test";
		};
		BE4BEC5225CA4CD300C8A50F /* GuessTheFlagUITests */ = {
			isa = PBXNativeTarget;
			buildConfigurationList = BE4BEC6225CA4CD300C8A50F /* Build configuration list for PBXNativeTarget "GuessTheFlagUITests" */;
			buildPhases = (
				BE4BEC4F25CA4CD300C8A50F /* Sources */,
				BE4BEC5025CA4CD300C8A50F /* Frameworks */,
				BE4BEC5125CA4CD300C8A50F /* Resources */,
			);
			buildRules = (
			);
			dependencies = (
				BE4BEC5525CA4CD300C8A50F /* PBXTargetDependency */,
			);
			name = GuessTheFlagUITests;
			productName = GuessTheFlagUITests;
			productReference = BE4BEC5325CA4CD300C8A50F /* GuessTheFlagUITests.xctest */;
			productType = "com.apple.product-type.bundle.ui-testing";
		};
/* End PBXNativeTarget section */

/* Begin PBXProject section */
		BE4BEC2F25CA4CCA00C8A50F /* Project object */ = {
			isa = PBXProject;
			attributes = {
				LastSwiftUpdateCheck = 1230;
				LastUpgradeCheck = 1230;
				TargetAttributes = {
					BE4BEC3625CA4CCA00C8A50F = {
						CreatedOnToolsVersion = 12.3;
					};
					BE4BEC4725CA4CD300C8A50F = {
						CreatedOnToolsVersion = 12.3;
						TestTargetID = BE4BEC3625CA4CCA00C8A50F;
					};
					BE4BEC5225CA4CD300C8A50F = {
						CreatedOnToolsVersion = 12.3;
						TestTargetID = BE4BEC3625CA4CCA00C8A50F;
					};
				};
			};
			buildConfigurationList = BE4BEC3225CA4CCA00C8A50F /* Build configuration list for PBXProject "GuessTheFlag" */;
			compatibilityVersion = "Xcode 9.3";
			developmentRegion = en;
			hasScannedForEncodings = 0;
			knownRegions = (
				en,
				Base,
			);
			mainGroup = BE4BEC2E25CA4CCA00C8A50F;
			productRefGroup = BE4BEC3825CA4CCA00C8A50F /* Products */;
			projectDirPath = "";
			projectRoot = "";
			targets = (
				BE4BEC3625CA4CCA00C8A50F /* GuessTheFlag */,
				BE4BEC4725CA4CD300C8A50F /* GuessTheFlagTests */,
				BE4BEC5225CA4CD300C8A50F /* GuessTheFlagUITests */,
			);
		};
/* End PBXProject section */

/* Begin PBXResourcesBuildPhase section */
		BE4BEC3525CA4CCA00C8A50F /* Resources */ = {
			isa = PBXResourcesBuildPhase;
			buildActionMask = 2147483647;
			files = (
				BE4BEC4225CA4CD200C8A50F /* Preview Assets.xcassets in Resources */,
				BE4BEC3F25CA4CD200C8A50F /* Assets.xcassets in Resources */,
			);
			runOnlyForDeploymentPostprocessing = 0;
		};
		BE4BEC4625CA4CD300C8A50F /* Resources */ = {
			isa = PBXResourcesBuildPhase;
			buildActionMask = 2147483647;
			files = (
			);
			runOnlyForDeploymentPostprocessing = 0;
		};
		BE4BEC5125CA4CD300C8A50F /* Resources */ = {
			isa = PBXResourcesBuildPhase;
			buildActionMask = 2147483647;
			files = (
			);
			runOnlyForDeploymentPostprocessing = 0;
		};
/* End PBXResourcesBuildPhase section */

/* Begin PBXSourcesBuildPhase section */
		BE4BEC3325CA4CCA00C8A50F /* Sources */ = {
			isa = PBXSourcesBuildPhase;
			buildActionMask = 2147483647;
			files = (
				BE4BEC3D25CA4CCA00C8A50F /* ContentView.swift in Sources */,
				BE4BEC3B25CA4CCA00C8A50F /* GuessTheFlagApp.swift in Sources */,
			);
			runOnlyForDeploymentPostprocessing = 0;
		};
		BE4BEC4425CA4CD300C8A50F /* Sources */ = {
			isa = PBXSourcesBuildPhase;
			buildActionMask = 2147483647;
			files = (
				BE4BEC4D25CA4CD300C8A50F /* GuessTheFlagTests.swift in Sources */,
			);
			runOnlyForDeploymentPostprocessing = 0;
		};
		BE4BEC4F25CA4CD300C8A50F /* Sources */ = {
			isa = PBXSourcesBuildPhase;
			buildActionMask = 2147483647;
			files = (
				BE4BEC5825CA4CD300C8A50F /* GuessTheFlagUITests.swift in Sources */,
			);
			runOnlyForDeploymentPostprocessing = 0;
		};
/* End PBXSourcesBuildPhase section */

/* Begin PBXTargetDependency section */
		BE4BEC4A25CA4CD300C8A50F /* PBXTargetDependency */ = {
			isa = PBXTargetDependency;
			target = BE4BEC3625CA4CCA00C8A50F /* GuessTheFlag */;
			targetProxy = BE4BEC4925CA4CD300C8A50F /* PBXContainerItemProxy */;
		};
		BE4BEC5525CA4CD300C8A50F /* PBXTargetDependency */ = {
			isa = PBXTargetDependency;
			target = BE4BEC3625CA4CCA00C8A50F /* GuessTheFlag */;
			targetProxy = BE4BEC5425CA4CD300C8A50F /* PBXContainerItemProxy */;
		};
/* End PBXTargetDependency section */

/* Begin XCBuildConfiguration section */
		BE4BEC5A25CA4CD300C8A50F /* Debug */ = {
			isa = XCBuildConfiguration;
			buildSettings = {
				ALWAYS_SEARCH_USER_PATHS = NO;
				CLANG_ANALYZER_NONNULL = YES;
				CLANG_ANALYZER_NUMBER_OBJECT_CONVERSION = YES_AGGRESSIVE;
				CLANG_CXX_LANGUAGE_STANDARD = "gnu++14";
				CLANG_CXX_LIBRARY = "libc++";
				CLANG_ENABLE_MODULES = YES;
				CLANG_ENABLE_OBJC_ARC = YES;
				CLANG_ENABLE_OBJC_WEAK = YES;
				CLANG_WARN_BLOCK_CAPTURE_AUTORELEASING = YES;
				CLANG_WARN_BOOL_CONVERSION = YES;
				CLANG_WARN_COMMA = YES;
				CLANG_WARN_CONSTANT_CONVERSION = YES;
				CLANG_WARN_DEPRECATED_OBJC_IMPLEMENTATIONS = YES;
				CLANG_WARN_DIRECT_OBJC_ISA_USAGE = YES_ERROR;
				CLANG_WARN_DOCUMENTATION_COMMENTS = YES;
				CLANG_WARN_EMPTY_BODY = YES;
				CLANG_WARN_ENUM_CONVERSION = YES;
				CLANG_WARN_INFINITE_RECURSION = YES;
				CLANG_WARN_INT_CONVERSION = YES;
				CLANG_WARN_NON_LITERAL_NULL_CONVERSION = YES;
				CLANG_WARN_OBJC_IMPLICIT_RETAIN_SELF = YES;
				CLANG_WARN_OBJC_LITERAL_CONVERSION = YES;
				CLANG_WARN_OBJC_ROOT_CLASS = YES_ERROR;
				CLANG_WARN_QUOTED_INCLUDE_IN_FRAMEWORK_HEADER = YES;
				CLANG_WARN_RANGE_LOOP_ANALYSIS = YES;
				CLANG_WARN_STRICT_PROTOTYPES = YES;
				CLANG_WARN_SUSPICIOUS_MOVE = YES;
				CLANG_WARN_UNGUARDED_AVAILABILITY = YES_AGGRESSIVE;
				CLANG_WARN_UNREACHABLE_CODE = YES;
				CLANG_WARN__DUPLICATE_METHOD_MATCH = YES;
				COPY_PHASE_STRIP = NO;
				DEBUG_INFORMATION_FORMAT = dwarf;
				ENABLE_STRICT_OBJC_MSGSEND = YES;
				ENABLE_TESTABILITY = YES;
				GCC_C_LANGUAGE_STANDARD = gnu11;
				GCC_DYNAMIC_NO_PIC = NO;
				GCC_NO_COMMON_BLOCKS = YES;
				GCC_OPTIMIZATION_LEVEL = 0;
				GCC_PREPROCESSOR_DEFINITIONS = (
					"DEBUG=1",
					"$(inherited)",
				);
				GCC_WARN_64_TO_32_BIT_CONVERSION = YES;
				GCC_WARN_ABOUT_RETURN_TYPE = YES_ERROR;
				GCC_WARN_UNDECLARED_SELECTOR = YES;
				GCC_WARN_UNINITIALIZED_AUTOS = YES_AGGRESSIVE;
				GCC_WARN_UNUSED_FUNCTION = YES;
				GCC_WARN_UNUSED_VARIABLE = YES;
				IPHONEOS_DEPLOYMENT_TARGET = 14.3;
				MTL_ENABLE_DEBUG_INFO = INCLUDE_SOURCE;
				MTL_FAST_MATH = YES;
				ONLY_ACTIVE_ARCH = YES;
				SDKROOT = iphoneos;
				SWIFT_ACTIVE_COMPILATION_CONDITIONS = DEBUG;
				SWIFT_OPTIMIZATION_LEVEL = "-Onone";
			};
			name = Debug;
		};
		BE4BEC5B25CA4CD300C8A50F /* Release */ = {
			isa = XCBuildConfiguration;
			buildSettings = {
				ALWAYS_SEARCH_USER_PATHS = NO;
				CLANG_ANALYZER_NONNULL = YES;
				CLANG_ANALYZER_NUMBER_OBJECT_CONVERSION = YES_AGGRESSIVE;
				CLANG_CXX_LANGUAGE_STANDARD = "gnu++14";
				CLANG_CXX_LIBRARY = "libc++";
				CLANG_ENABLE_MODULES = YES;
				CLANG_ENABLE_OBJC_ARC = YES;
				CLANG_ENABLE_OBJC_WEAK = YES;
				CLANG_WARN_BLOCK_CAPTURE_AUTORELEASING = YES;
				CLANG_WARN_BOOL_CONVERSION = YES;
				CLANG_WARN_COMMA = YES;
				CLANG_WARN_CONSTANT_CONVERSION = YES;
				CLANG_WARN_DEPRECATED_OBJC_IMPLEMENTATIONS = YES;
				CLANG_WARN_DIRECT_OBJC_ISA_USAGE = YES_ERROR;
				CLANG_WARN_DOCUMENTATION_COMMENTS = YES;
				CLANG_WARN_EMPTY_BODY = YES;
				CLANG_WARN_ENUM_CONVERSION = YES;
				CLANG_WARN_INFINITE_RECURSION = YES;
				CLANG_WARN_INT_CONVERSION = YES;
				CLANG_WARN_NON_LITERAL_NULL_CONVERSION = YES;
				CLANG_WARN_OBJC_IMPLICIT_RETAIN_SELF = YES;
				CLANG_WARN_OBJC_LITERAL_CONVERSION = YES;
				CLANG_WARN_OBJC_ROOT_CLASS = YES_ERROR;
				CLANG_WARN_QUOTED_INCLUDE_IN_FRAMEWORK_HEADER = YES;
				CLANG_WARN_RANGE_LOOP_ANALYSIS = YES;
				CLANG_WARN_STRICT_PROTOTYPES = YES;
				CLANG_WARN_SUSPICIOUS_MOVE = YES;
				CLANG_WARN_UNGUARDED_AVAILABILITY = YES_AGGRESSIVE;
				CLANG_WARN_UNREACHABLE_CODE = YES;
				CLANG_WARN__DUPLICATE_METHOD_MATCH = YES;
				COPY_PHASE_STRIP = NO;
				DEBUG_INFORMATION_FORMAT = "dwarf-with-dsym";
				ENABLE_NS_ASSERTIONS = NO;
				ENABLE_STRICT_OBJC_MSGSEND = YES;
				GCC_C_LANGUAGE_STANDARD = gnu11;
				GCC_NO_COMMON_BLOCKS = YES;
				GCC_WARN_64_TO_32_BIT_CONVERSION = YES;
				GCC_WARN_ABOUT_RETURN_TYPE = YES_ERROR;
				GCC_WARN_UNDECLARED_SELECTOR = YES;
				GCC_WARN_UNINITIALIZED_AUTOS = YES_AGGRESSIVE;
				GCC_WARN_UNUSED_FUNCTION = YES;
				GCC_WARN_UNUSED_VARIABLE = YES;
				IPHONEOS_DEPLOYMENT_TARGET = 14.3;
				MTL_ENABLE_DEBUG_INFO = NO;
				MTL_FAST_MATH = YES;
				SDKROOT = iphoneos;
				SWIFT_COMPILATION_MODE = wholemodule;
				SWIFT_OPTIMIZATION_LEVEL = "-O";
				VALIDATE_PRODUCT = YES;
			};
			name = Release;
		};
		BE4BEC5D25CA4CD300C8A50F /* Debug */ = {
			isa = XCBuildConfiguration;
			buildSettings = {
				ASSETCATALOG_COMPILER_APPICON_NAME = AppIcon;
				ASSETCATALOG_COMPILER_GLOBAL_ACCENT_COLOR_NAME = AccentColor;
				CODE_SIGN_STYLE = Automatic;
				DEVELOPMENT_ASSET_PATHS = "\"GuessTheFlag/Preview Content\"";
				DEVELOPMENT_TEAM = 2F3WD5F3Z3;
				ENABLE_PREVIEWS = YES;
				INFOPLIST_FILE = GuessTheFlag/Info.plist;
				IPHONEOS_DEPLOYMENT_TARGET = 14.0;
				LD_RUNPATH_SEARCH_PATHS = (
					"$(inherited)",
					"@executable_path/Frameworks",
				);
				PRODUCT_BUNDLE_IDENTIFIER = com.marsluo.GuessTheFlag;
				PRODUCT_NAME = "$(TARGET_NAME)";
				SWIFT_VERSION = 5.0;
				TARGETED_DEVICE_FAMILY = "1,2";
			};
			name = Debug;
		};
		BE4BEC5E25CA4CD300C8A50F /* Release */ = {
			isa = XCBuildConfiguration;
			buildSettings = {
				ASSETCATALOG_COMPILER_APPICON_NAME = AppIcon;
				ASSETCATALOG_COMPILER_GLOBAL_ACCENT_COLOR_NAME = AccentColor;
				CODE_SIGN_STYLE = Automatic;
				DEVELOPMENT_ASSET_PATHS = "\"GuessTheFlag/Preview Content\"";
				DEVELOPMENT_TEAM = 2F3WD5F3Z3;
				ENABLE_PREVIEWS = YES;
				INFOPLIST_FILE = GuessTheFlag/Info.plist;
				IPHONEOS_DEPLOYMENT_TARGET = 14.0;
				LD_RUNPATH_SEARCH_PATHS = (
					"$(inherited)",
					"@executable_path/Frameworks",
				);
				PRODUCT_BUNDLE_IDENTIFIER = com.marsluo.GuessTheFlag;
				PRODUCT_NAME = "$(TARGET_NAME)";
				SWIFT_VERSION = 5.0;
				TARGETED_DEVICE_FAMILY = "1,2";
			};
			name = Release;
		};
		BE4BEC6025CA4CD300C8A50F /* Debug */ = {
			isa = XCBuildConfiguration;
			buildSettings = {
				ALWAYS_EMBED_SWIFT_STANDARD_LIBRARIES = YES;
				BUNDLE_LOADER = "$(TEST_HOST)";
				CODE_SIGN_STYLE = Automatic;
				DEVELOPMENT_TEAM = 2F3WD5F3Z3;
				INFOPLIST_FILE = GuessTheFlagTests/Info.plist;
				IPHONEOS_DEPLOYMENT_TARGET = 14.0;
				LD_RUNPATH_SEARCH_PATHS = (
					"$(inherited)",
					"@executable_path/Frameworks",
					"@loader_path/Frameworks",
				);
				PRODUCT_BUNDLE_IDENTIFIER = com.marsluo.GuessTheFlagTests;
				PRODUCT_NAME = "$(TARGET_NAME)";
				SWIFT_VERSION = 5.0;
				TARGETED_DEVICE_FAMILY = "1,2";
				TEST_HOST = "$(BUILT_PRODUCTS_DIR)/GuessTheFlag.app/GuessTheFlag";
			};
			name = Debug;
		};
		BE4BEC6125CA4CD300C8A50F /* Release */ = {
			isa = XCBuildConfiguration;
			buildSettings = {
				ALWAYS_EMBED_SWIFT_STANDARD_LIBRARIES = YES;
				BUNDLE_LOADER = "$(TEST_HOST)";
				CODE_SIGN_STYLE = Automatic;
				DEVELOPMENT_TEAM = 2F3WD5F3Z3;
				INFOPLIST_FILE = GuessTheFlagTests/Info.plist;
				IPHONEOS_DEPLOYMENT_TARGET = 14.0;
				LD_RUNPATH_SEARCH_PATHS = (
					"$(inherited)",
					"@executable_path/Frameworks",
					"@loader_path/Frameworks",
				);
				PRODUCT_BUNDLE_IDENTIFIER = com.marsluo.GuessTheFlagTests;
				PRODUCT_NAME = "$(TARGET_NAME)";
				SWIFT_VERSION = 5.0;
				TARGETED_DEVICE_FAMILY = "1,2";
				TEST_HOST = "$(BUILT_PRODUCTS_DIR)/GuessTheFlag.app/GuessTheFlag";
			};
			name = Release;
		};
		BE4BEC6325CA4CD300C8A50F /* Debug */ = {
			isa = XCBuildConfiguration;
			buildSettings = {
				ALWAYS_EMBED_SWIFT_STANDARD_LIBRARIES = YES;
				CODE_SIGN_STYLE = Automatic;
				DEVELOPMENT_TEAM = 2F3WD5F3Z3;
				INFOPLIST_FILE = GuessTheFlagUITests/Info.plist;
				LD_RUNPATH_SEARCH_PATHS = (
					"$(inherited)",
					"@executable_path/Frameworks",
					"@loader_path/Frameworks",
				);
				PRODUCT_BUNDLE_IDENTIFIER = com.marsluo.GuessTheFlagUITests;
				PRODUCT_NAME = "$(TARGET_NAME)";
				SWIFT_VERSION = 5.0;
				TARGETED_DEVICE_FAMILY = "1,2";
				TEST_TARGET_NAME = GuessTheFlag;
			};
			name = Debug;
		};
		BE4BEC6425CA4CD300C8A50F /* Release */ = {
			isa = XCBuildConfiguration;
			buildSettings = {
				ALWAYS_EMBED_SWIFT_STANDARD_LIBRARIES = YES;
				CODE_SIGN_STYLE = Automatic;
				DEVELOPMENT_TEAM = 2F3WD5F3Z3;
				INFOPLIST_FILE = GuessTheFlagUITests/Info.plist;
				LD_RUNPATH_SEARCH_PATHS = (
					"$(inherited)",
					"@executable_path/Frameworks",
					"@loader_path/Frameworks",
				);
				PRODUCT_BUNDLE_IDENTIFIER = com.marsluo.GuessTheFlagUITests;
				PRODUCT_NAME = "$(TARGET_NAME)";
				SWIFT_VERSION = 5.0;
				TARGETED_DEVICE_FAMILY = "1,2";
				TEST_TARGET_NAME = GuessTheFlag;
			};
			name = Release;
		};
/* End XCBuildConfiguration section */

/* Begin XCConfigurationList section */
		BE4BEC3225CA4CCA00C8A50F /* Build configuration list for PBXProject "GuessTheFlag" */ = {
			isa = XCConfigurationList;
			buildConfigurations = (
				BE4BEC5A25CA4CD300C8A50F /* Debug */,
				BE4BEC5B25CA4CD300C8A50F /* Release */,
			);
			defaultConfigurationIsVisible = 0;
			defaultConfigurationName = Release;
		};
		BE4BEC5C25CA4CD300C8A50F /* Build configuration list for PBXNativeTarget "GuessTheFlag" */ = {
			isa = XCConfigurationList;
			buildConfigurations = (
				BE4BEC5D25CA4CD300C8A50F /* Debug */,
				BE4BEC5E25CA4CD300C8A50F /* Release */,
			);
			defaultConfigurationIsVisible = 0;
			defaultConfigurationName = Release;
		};
		BE4BEC5F25CA4CD300C8A50F /* Build configuration list for PBXNativeTarget "GuessTheFlagTests" */ = {
			isa = XCConfigurationList;
			buildConfigurations = (
				BE4BEC6025CA4CD300C8A50F /* Debug */,
				BE4BEC6125CA4CD300C8A50F /* Release */,
			);
			defaultConfigurationIsVisible = 0;
			defaultConfigurationName = Release;
		};
		BE4BEC6225CA4CD300C8A50F /* Build configuration list for PBXNativeTarget "GuessTheFlagUITests" */ = {
			isa = XCConfigurationList;
			buildConfigurations = (
				BE4BEC6325CA4CD300C8A50F /* Debug */,
				BE4BEC6425CA4CD300C8A50F /* Release */,
			);
			defaultConfigurationIsVisible = 0;
			defaultConfigurationName = Release;
		};
/* End XCConfigurationList section */
	};
	rootObject = BE4BEC2F25CA4CCA00C8A50F /* Project object */;
}
