// !$*UTF8*$!
{
	archiveVersion = 1;
	classes = {
	};
	objectVersion = 50;
	objects = {

/* Begin PBXBuildFile section */
		BE4BEC0125C8EBB400C8A50F /* MeasurementApp.swift in Sources */ = {isa = PBXBuildFile; fileRef = BE4BEC0025C8EBB400C8A50F /* MeasurementApp.swift */; };
		BE4BEC0325C8EBB400C8A50F /* ContentView.swift in Sources */ = {isa = PBXBuildFile; fileRef = BE4BEC0225C8EBB400C8A50F /* ContentView.swift */; };
		BE4BEC0525C8EBB700C8A50F /* Assets.xcassets in Resources */ = {isa = PBXBuildFile; fileRef = BE4BEC0425C8EBB700C8A50F /* Assets.xcassets */; };
		BE4BEC0825C8EBB700C8A50F /* Preview Assets.xcassets in Resources */ = {isa = PBXBuildFile; fileRef = BE4BEC0725C8EBB700C8A50F /* Preview Assets.xcassets */; };
		BE4BEC1325C8EBB700C8A50F /* MeasurementTests.swift in Sources */ = {isa = PBXBuildFile; fileRef = BE4BEC1225C8EBB700C8A50F /* MeasurementTests.swift */; };
		BE4BEC1E25C8EBB800C8A50F /* MeasurementUITests.swift in Sources */ = {isa = PBXBuildFile; fileRef = BE4BEC1D25C8EBB800C8A50F /* MeasurementUITests.swift */; };
/* End PBXBuildFile section */

/* Begin PBXContainerItemProxy section */
		BE4BEC0F25C8EBB700C8A50F /* PBXContainerItemProxy */ = {
			isa = PBXContainerItemProxy;
			containerPortal = BE4BEBF525C8EBB400C8A50F /* Project object */;
			proxyType = 1;
			remoteGlobalIDString = BE4BEBFC25C8EBB400C8A50F;
			remoteInfo = Measurement;
		};
		BE4BEC1A25C8EBB800C8A50F /* PBXContainerItemProxy */ = {
			isa = PBXContainerItemProxy;
			containerPortal = BE4BEBF525C8EBB400C8A50F /* Project object */;
			proxyType = 1;
			remoteGlobalIDString = BE4BEBFC25C8EBB400C8A50F;
			remoteInfo = Measurement;
		};
/* End PBXContainerItemProxy section */

/* Begin PBXFileReference section */
		BE4BEBFD25C8EBB400C8A50F /* Measurement.app */ = {isa = PBXFileReference; explicitFileType = wrapper.application; includeInIndex = 0; path = Measurement.app; sourceTree = BUILT_PRODUCTS_DIR; };
		BE4BEC0025C8EBB400C8A50F /* MeasurementApp.swift */ = {isa = PBXFileReference; lastKnownFileType = sourcecode.swift; path = MeasurementApp.swift; sourceTree = "<group>"; };
		BE4BEC0225C8EBB400C8A50F /* ContentView.swift */ = {isa = PBXFileReference; lastKnownFileType = sourcecode.swift; path = ContentView.swift; sourceTree = "<group>"; };
		BE4BEC0425C8EBB700C8A50F /* Assets.xcassets */ = {isa = PBXFileReference; lastKnownFileType = folder.assetcatalog; path = Assets.xcassets; sourceTree = "<group>"; };
		BE4BEC0725C8EBB700C8A50F /* Preview Assets.xcassets */ = {isa = PBXFileReference; lastKnownFileType = folder.assetcatalog; path = "Preview Assets.xcassets"; sourceTree = "<group>"; };
		BE4BEC0925C8EBB700C8A50F /* Info.plist */ = {isa = PBXFileReference; lastKnownFileType = text.plist.xml; path = Info.plist; sourceTree = "<group>"; };
		BE4BEC0E25C8EBB700C8A50F /* MeasurementTests.xctest */ = {isa = PBXFileReference; explicitFileType = wrapper.cfbundle; includeInIndex = 0; path = MeasurementTests.xctest; sourceTree = BUILT_PRODUCTS_DIR; };
		BE4BEC1225C8EBB700C8A50F /* MeasurementTests.swift */ = {isa = PBXFileReference; lastKnownFileType = sourcecode.swift; path = MeasurementTests.swift; sourceTree = "<group>"; };
		BE4BEC1425C8EBB700C8A50F /* Info.plist */ = {isa = PBXFileReference; lastKnownFileType = text.plist.xml; path = Info.plist; sourceTree = "<group>"; };
		BE4BEC1925C8EBB800C8A50F /* MeasurementUITests.xctest */ = {isa = PBXFileReference; explicitFileType = wrapper.cfbundle; includeInIndex = 0; path = MeasurementUITests.xctest; sourceTree = BUILT_PRODUCTS_DIR; };
		BE4BEC1D25C8EBB800C8A50F /* MeasurementUITests.swift */ = {isa = PBXFileReference; lastKnownFileType = sourcecode.swift; path = MeasurementUITests.swift; sourceTree = "<group>"; };
		BE4BEC1F25C8EBB800C8A50F /* Info.plist */ = {isa = PBXFileReference; lastKnownFileType = text.plist.xml; path = Info.plist; sourceTree = "<group>"; };
/* End PBXFileReference section */

/* Begin PBXFrameworksBuildPhase section */
		BE4BEBFA25C8EBB400C8A50F /* Frameworks */ = {
			isa = PBXFrameworksBuildPhase;
			buildActionMask = 2147483647;
			files = (
			);
			runOnlyForDeploymentPostprocessing = 0;
		};
		BE4BEC0B25C8EBB700C8A50F /* Frameworks */ = {
			isa = PBXFrameworksBuildPhase;
			buildActionMask = 2147483647;
			files = (
			);
			runOnlyForDeploymentPostprocessing = 0;
		};
		BE4BEC1625C8EBB800C8A50F /* Frameworks */ = {
			isa = PBXFrameworksBuildPhase;
			buildActionMask = 2147483647;
			files = (
			);
			runOnlyForDeploymentPostprocessing = 0;
		};
/* End PBXFrameworksBuildPhase section */

/* Begin PBXGroup section */
		BE4BEBF425C8EBB400C8A50F = {
			isa = PBXGroup;
			children = (
				BE4BEBFF25C8EBB400C8A50F /* Measurement */,
				BE4BEC1125C8EBB700C8A50F /* MeasurementTests */,
				BE4BEC1C25C8EBB800C8A50F /* MeasurementUITests */,
				BE4BEBFE25C8EBB400C8A50F /* Products */,
			);
			sourceTree = "<group>";
		};
		BE4BEBFE25C8EBB400C8A50F /* Products */ = {
			isa = PBXGroup;
			children = (
				BE4BEBFD25C8EBB400C8A50F /* Measurement.app */,
				BE4BEC0E25C8EBB700C8A50F /* MeasurementTests.xctest */,
				BE4BEC1925C8EBB800C8A50F /* MeasurementUITests.xctest */,
			);
			name = Products;
			sourceTree = "<group>";
		};
		BE4BEBFF25C8EBB400C8A50F /* Measurement */ = {
			isa = PBXGroup;
			children = (
				BE4BEC0025C8EBB400C8A50F /* MeasurementApp.swift */,
				BE4BEC0225C8EBB400C8A50F /* ContentView.swift */,
				BE4BEC0425C8EBB700C8A50F /* Assets.xcassets */,
				BE4BEC0925C8EBB700C8A50F /* Info.plist */,
				BE4BEC0625C8EBB700C8A50F /* Preview Content */,
			);
			path = Measurement;
			sourceTree = "<group>";
		};
		BE4BEC0625C8EBB700C8A50F /* Preview Content */ = {
			isa = PBXGroup;
			children = (
				BE4BEC0725C8EBB700C8A50F /* Preview Assets.xcassets */,
			);
			path = "Preview Content";
			sourceTree = "<group>";
		};
		BE4BEC1125C8EBB700C8A50F /* MeasurementTests */ = {
			isa = PBXGroup;
			children = (
				BE4BEC1225C8EBB700C8A50F /* MeasurementTests.swift */,
				BE4BEC1425C8EBB700C8A50F /* Info.plist */,
			);
			path = MeasurementTests;
			sourceTree = "<group>";
		};
		BE4BEC1C25C8EBB800C8A50F /* MeasurementUITests */ = {
			isa = PBXGroup;
			children = (
				BE4BEC1D25C8EBB800C8A50F /* MeasurementUITests.swift */,
				BE4BEC1F25C8EBB800C8A50F /* Info.plist */,
			);
			path = MeasurementUITests;
			sourceTree = "<group>";
		};
/* End PBXGroup section */

/* Begin PBXNativeTarget section */
		BE4BEBFC25C8EBB400C8A50F /* Measurement */ = {
			isa = PBXNativeTarget;
			buildConfigurationList = BE4BEC2225C8EBB800C8A50F /* Build configuration list for PBXNativeTarget "Measurement" */;
			buildPhases = (
				BE4BEBF925C8EBB400C8A50F /* Sources */,
				BE4BEBFA25C8EBB400C8A50F /* Frameworks */,
				BE4BEBFB25C8EBB400C8A50F /* Resources */,
			);
			buildRules = (
			);
			dependencies = (
			);
			name = Measurement;
			productName = Measurement;
			productReference = BE4BEBFD25C8EBB400C8A50F /* Measurement.app */;
			productType = "com.apple.product-type.application";
		};
		BE4BEC0D25C8EBB700C8A50F /* MeasurementTests */ = {
			isa = PBXNativeTarget;
			buildConfigurationList = BE4BEC2525C8EBB800C8A50F /* Build configuration list for PBXNativeTarget "MeasurementTests" */;
			buildPhases = (
				BE4BEC0A25C8EBB700C8A50F /* Sources */,
				BE4BEC0B25C8EBB700C8A50F /* Frameworks */,
				BE4BEC0C25C8EBB700C8A50F /* Resources */,
			);
			buildRules = (
			);
			dependencies = (
				BE4BEC1025C8EBB700C8A50F /* PBXTargetDependency */,
			);
			name = MeasurementTests;
			productName = MeasurementTests;
			productReference = BE4BEC0E25C8EBB700C8A50F /* MeasurementTests.xctest */;
			productType = "com.apple.product-type.bundle.unit-test";
		};
		BE4BEC1825C8EBB800C8A50F /* MeasurementUITests */ = {
			isa = PBXNativeTarget;
			buildConfigurationList = BE4BEC2825C8EBB800C8A50F /* Build configuration list for PBXNativeTarget "MeasurementUITests" */;
			buildPhases = (
				BE4BEC1525C8EBB800C8A50F /* Sources */,
				BE4BEC1625C8EBB800C8A50F /* Frameworks */,
				BE4BEC1725C8EBB800C8A50F /* Resources */,
			);
			buildRules = (
			);
			dependencies = (
				BE4BEC1B25C8EBB800C8A50F /* PBXTargetDependency */,
			);
			name = MeasurementUITests;
			productName = MeasurementUITests;
			productReference = BE4BEC1925C8EBB800C8A50F /* MeasurementUITests.xctest */;
			productType = "com.apple.product-type.bundle.ui-testing";
		};
/* End PBXNativeTarget section */

/* Begin PBXProject section */
		BE4BEBF525C8EBB400C8A50F /* Project object */ = {
			isa = PBXProject;
			attributes = {
				LastSwiftUpdateCheck = 1230;
				LastUpgradeCheck = 1230;
				TargetAttributes = {
					BE4BEBFC25C8EBB400C8A50F = {
						CreatedOnToolsVersion = 12.3;
					};
					BE4BEC0D25C8EBB700C8A50F = {
						CreatedOnToolsVersion = 12.3;
						TestTargetID = BE4BEBFC25C8EBB400C8A50F;
					};
					BE4BEC1825C8EBB800C8A50F = {
						CreatedOnToolsVersion = 12.3;
						TestTargetID = BE4BEBFC25C8EBB400C8A50F;
					};
				};
			};
			buildConfigurationList = BE4BEBF825C8EBB400C8A50F /* Build configuration list for PBXProject "Measurement" */;
			compatibilityVersion = "Xcode 9.3";
			developmentRegion = en;
			hasScannedForEncodings = 0;
			knownRegions = (
				en,
				Base,
			);
			mainGroup = BE4BEBF425C8EBB400C8A50F;
			productRefGroup = BE4BEBFE25C8EBB400C8A50F /* Products */;
			projectDirPath = "";
			projectRoot = "";
			targets = (
				BE4BEBFC25C8EBB400C8A50F /* Measurement */,
				BE4BEC0D25C8EBB700C8A50F /* MeasurementTests */,
				BE4BEC1825C8EBB800C8A50F /* MeasurementUITests */,
			);
		};
/* End PBXProject section */

/* Begin PBXResourcesBuildPhase section */
		BE4BEBFB25C8EBB400C8A50F /* Resources */ = {
			isa = PBXResourcesBuildPhase;
			buildActionMask = 2147483647;
			files = (
				BE4BEC0825C8EBB700C8A50F /* Preview Assets.xcassets in Resources */,
				BE4BEC0525C8EBB700C8A50F /* Assets.xcassets in Resources */,
			);
			runOnlyForDeploymentPostprocessing = 0;
		};
		BE4BEC0C25C8EBB700C8A50F /* Resources */ = {
			isa = PBXResourcesBuildPhase;
			buildActionMask = 2147483647;
			files = (
			);
			runOnlyForDeploymentPostprocessing = 0;
		};
		BE4BEC1725C8EBB800C8A50F /* Resources */ = {
			isa = PBXResourcesBuildPhase;
			buildActionMask = 2147483647;
			files = (
			);
			runOnlyForDeploymentPostprocessing = 0;
		};
/* End PBXResourcesBuildPhase section */

/* Begin PBXSourcesBuildPhase section */
		BE4BEBF925C8EBB400C8A50F /* Sources */ = {
			isa = PBXSourcesBuildPhase;
			buildActionMask = 2147483647;
			files = (
				BE4BEC0325C8EBB400C8A50F /* ContentView.swift in Sources */,
				BE4BEC0125C8EBB400C8A50F /* MeasurementApp.swift in Sources */,
			);
			runOnlyForDeploymentPostprocessing = 0;
		};
		BE4BEC0A25C8EBB700C8A50F /* Sources */ = {
			isa = PBXSourcesBuildPhase;
			buildActionMask = 2147483647;
			files = (
				BE4BEC1325C8EBB700C8A50F /* MeasurementTests.swift in Sources */,
			);
			runOnlyForDeploymentPostprocessing = 0;
		};
		BE4BEC1525C8EBB800C8A50F /* Sources */ = {
			isa = PBXSourcesBuildPhase;
			buildActionMask = 2147483647;
			files = (
				BE4BEC1E25C8EBB800C8A50F /* MeasurementUITests.swift in Sources */,
			);
			runOnlyForDeploymentPostprocessing = 0;
		};
/* End PBXSourcesBuildPhase section */

/* Begin PBXTargetDependency section */
		BE4BEC1025C8EBB700C8A50F /* PBXTargetDependency */ = {
			isa = PBXTargetDependency;
			target = BE4BEBFC25C8EBB400C8A50F /* Measurement */;
			targetProxy = BE4BEC0F25C8EBB700C8A50F /* PBXContainerItemProxy */;
		};
		BE4BEC1B25C8EBB800C8A50F /* PBXTargetDependency */ = {
			isa = PBXTargetDependency;
			target = BE4BEBFC25C8EBB400C8A50F /* Measurement */;
			targetProxy = BE4BEC1A25C8EBB800C8A50F /* PBXContainerItemProxy */;
		};
/* End PBXTargetDependency section */

/* Begin XCBuildConfiguration section */
		BE4BEC2025C8EBB800C8A50F /* Debug */ = {
			isa = XCBuildConfiguration;
			buildSettings = {
				ALWAYS_SEARCH_USER_PATHS = NO;
				CLANG_ANALYZER_NONNULL = YES;
				CLANG_ANALYZER_NUMBER_OBJECT_CONVERSION = YES_AGGRESSIVE;
				CLANG_CXX_LANGUAGE_STANDARD = "gnu++14";
				CLANG_CXX_LIBRARY = "libc++";
				CLANG_ENABLE_MODULES = YES;
				CLANG_ENABLE_OBJC_ARC = YES;
				CLANG_ENABLE_OBJC_WEAK = YES;
				CLANG_WARN_BLOCK_CAPTURE_AUTORELEASING = YES;
				CLANG_WARN_BOOL_CONVERSION = YES;
				CLANG_WARN_COMMA = YES;
				CLANG_WARN_CONSTANT_CONVERSION = YES;
				CLANG_WARN_DEPRECATED_OBJC_IMPLEMENTATIONS = YES;
				CLANG_WARN_DIRECT_OBJC_ISA_USAGE = YES_ERROR;
				CLANG_WARN_DOCUMENTATION_COMMENTS = YES;
				CLANG_WARN_EMPTY_BODY = YES;
				CLANG_WARN_ENUM_CONVERSION = YES;
				CLANG_WARN_INFINITE_RECURSION = YES;
				CLANG_WARN_INT_CONVERSION = YES;
				CLANG_WARN_NON_LITERAL_NULL_CONVERSION = YES;
				CLANG_WARN_OBJC_IMPLICIT_RETAIN_SELF = YES;
				CLANG_WARN_OBJC_LITERAL_CONVERSION = YES;
				CLANG_WARN_OBJC_ROOT_CLASS = YES_ERROR;
				CLANG_WARN_QUOTED_INCLUDE_IN_FRAMEWORK_HEADER = YES;
				CLANG_WARN_RANGE_LOOP_ANALYSIS = YES;
				CLANG_WARN_STRICT_PROTOTYPES = YES;
				CLANG_WARN_SUSPICIOUS_MOVE = YES;
				CLANG_WARN_UNGUARDED_AVAILABILITY = YES_AGGRESSIVE;
				CLANG_WARN_UNREACHABLE_CODE = YES;
				CLANG_WARN__DUPLICATE_METHOD_MATCH = YES;
				COPY_PHASE_STRIP = NO;
				DEBUG_INFORMATION_FORMAT = dwarf;
				ENABLE_STRICT_OBJC_MSGSEND = YES;
				ENABLE_TESTABILITY = YES;
				GCC_C_LANGUAGE_STANDARD = gnu11;
				GCC_DYNAMIC_NO_PIC = NO;
				GCC_NO_COMMON_BLOCKS = YES;
				GCC_OPTIMIZATION_LEVEL = 0;
				GCC_PREPROCESSOR_DEFINITIONS = (
					"DEBUG=1",
					"$(inherited)",
				);
				GCC_WARN_64_TO_32_BIT_CONVERSION = YES;
				GCC_WARN_ABOUT_RETURN_TYPE = YES_ERROR;
				GCC_WARN_UNDECLARED_SELECTOR = YES;
				GCC_WARN_UNINITIALIZED_AUTOS = YES_AGGRESSIVE;
				GCC_WARN_UNUSED_FUNCTION = YES;
				GCC_WARN_UNUSED_VARIABLE = YES;
				IPHONEOS_DEPLOYMENT_TARGET = 14.3;
				MTL_ENABLE_DEBUG_INFO = INCLUDE_SOURCE;
				MTL_FAST_MATH = YES;
				ONLY_ACTIVE_ARCH = YES;
				SDKROOT = iphoneos;
				SWIFT_ACTIVE_COMPILATION_CONDITIONS = DEBUG;
				SWIFT_OPTIMIZATION_LEVEL = "-Onone";
			};
			name = Debug;
		};
		BE4BEC2125C8EBB800C8A50F /* Release */ = {
			isa = XCBuildConfiguration;
			buildSettings = {
				ALWAYS_SEARCH_USER_PATHS = NO;
				CLANG_ANALYZER_NONNULL = YES;
				CLANG_ANALYZER_NUMBER_OBJECT_CONVERSION = YES_AGGRESSIVE;
				CLANG_CXX_LANGUAGE_STANDARD = "gnu++14";
				CLANG_CXX_LIBRARY = "libc++";
				CLANG_ENABLE_MODULES = YES;
				CLANG_ENABLE_OBJC_ARC = YES;
				CLANG_ENABLE_OBJC_WEAK = YES;
				CLANG_WARN_BLOCK_CAPTURE_AUTORELEASING = YES;
				CLANG_WARN_BOOL_CONVERSION = YES;
				CLANG_WARN_COMMA = YES;
				CLANG_WARN_CONSTANT_CONVERSION = YES;
				CLANG_WARN_DEPRECATED_OBJC_IMPLEMENTATIONS = YES;
				CLANG_WARN_DIRECT_OBJC_ISA_USAGE = YES_ERROR;
				CLANG_WARN_DOCUMENTATION_COMMENTS = YES;
				CLANG_WARN_EMPTY_BODY = YES;
				CLANG_WARN_ENUM_CONVERSION = YES;
				CLANG_WARN_INFINITE_RECURSION = YES;
				CLANG_WARN_INT_CONVERSION = YES;
				CLANG_WARN_NON_LITERAL_NULL_CONVERSION = YES;
				CLANG_WARN_OBJC_IMPLICIT_RETAIN_SELF = YES;
				CLANG_WARN_OBJC_LITERAL_CONVERSION = YES;
				CLANG_WARN_OBJC_ROOT_CLASS = YES_ERROR;
				CLANG_WARN_QUOTED_INCLUDE_IN_FRAMEWORK_HEADER = YES;
				CLANG_WARN_RANGE_LOOP_ANALYSIS = YES;
				CLANG_WARN_STRICT_PROTOTYPES = YES;
				CLANG_WARN_SUSPICIOUS_MOVE = YES;
				CLANG_WARN_UNGUARDED_AVAILABILITY = YES_AGGRESSIVE;
				CLANG_WARN_UNREACHABLE_CODE = YES;
				CLANG_WARN__DUPLICATE_METHOD_MATCH = YES;
				COPY_PHASE_STRIP = NO;
				DEBUG_INFORMATION_FORMAT = "dwarf-with-dsym";
				ENABLE_NS_ASSERTIONS = NO;
				ENABLE_STRICT_OBJC_MSGSEND = YES;
				GCC_C_LANGUAGE_STANDARD = gnu11;
				GCC_NO_COMMON_BLOCKS = YES;
				GCC_WARN_64_TO_32_BIT_CONVERSION = YES;
				GCC_WARN_ABOUT_RETURN_TYPE = YES_ERROR;
				GCC_WARN_UNDECLARED_SELECTOR = YES;
				GCC_WARN_UNINITIALIZED_AUTOS = YES_AGGRESSIVE;
				GCC_WARN_UNUSED_FUNCTION = YES;
				GCC_WARN_UNUSED_VARIABLE = YES;
				IPHONEOS_DEPLOYMENT_TARGET = 14.3;
				MTL_ENABLE_DEBUG_INFO = NO;
				MTL_FAST_MATH = YES;
				SDKROOT = iphoneos;
				SWIFT_COMPILATION_MODE = wholemodule;
				SWIFT_OPTIMIZATION_LEVEL = "-O";
				VALIDATE_PRODUCT = YES;
			};
			name = Release;
		};
		BE4BEC2325C8EBB800C8A50F /* Debug */ = {
			isa = XCBuildConfiguration;
			buildSettings = {
				ASSETCATALOG_COMPILER_APPICON_NAME = AppIcon;
				ASSETCATALOG_COMPILER_GLOBAL_ACCENT_COLOR_NAME = AccentColor;
				CODE_SIGN_STYLE = Automatic;
				DEVELOPMENT_ASSET_PATHS = "\"Measurement/Preview Content\"";
				DEVELOPMENT_TEAM = 2F3WD5F3Z3;
				ENABLE_PREVIEWS = YES;
				INFOPLIST_FILE = Measurement/Info.plist;
				IPHONEOS_DEPLOYMENT_TARGET = 14.0;
				LD_RUNPATH_SEARCH_PATHS = (
					"$(inherited)",
					"@executable_path/Frameworks",
				);
				PRODUCT_BUNDLE_IDENTIFIER = com.marsluo.Measurement;
				PRODUCT_NAME = "$(TARGET_NAME)";
				SWIFT_VERSION = 5.0;
				TARGETED_DEVICE_FAMILY = "1,2";
			};
			name = Debug;
		};
		BE4BEC2425C8EBB800C8A50F /* Release */ = {
			isa = XCBuildConfiguration;
			buildSettings = {
				ASSETCATALOG_COMPILER_APPICON_NAME = AppIcon;
				ASSETCATALOG_COMPILER_GLOBAL_ACCENT_COLOR_NAME = AccentColor;
				CODE_SIGN_STYLE = Automatic;
				DEVELOPMENT_ASSET_PATHS = "\"Measurement/Preview Content\"";
				DEVELOPMENT_TEAM = 2F3WD5F3Z3;
				ENABLE_PREVIEWS = YES;
				INFOPLIST_FILE = Measurement/Info.plist;
				IPHONEOS_DEPLOYMENT_TARGET = 14.0;
				LD_RUNPATH_SEARCH_PATHS = (
					"$(inherited)",
					"@executable_path/Frameworks",
				);
				PRODUCT_BUNDLE_IDENTIFIER = com.marsluo.Measurement;
				PRODUCT_NAME = "$(TARGET_NAME)";
				SWIFT_VERSION = 5.0;
				TARGETED_DEVICE_FAMILY = "1,2";
			};
			name = Release;
		};
		BE4BEC2625C8EBB800C8A50F /* Debug */ = {
			isa = XCBuildConfiguration;
			buildSettings = {
				ALWAYS_EMBED_SWIFT_STANDARD_LIBRARIES = YES;
				BUNDLE_LOADER = "$(TEST_HOST)";
				CODE_SIGN_STYLE = Automatic;
				DEVELOPMENT_TEAM = 2F3WD5F3Z3;
				INFOPLIST_FILE = MeasurementTests/Info.plist;
				IPHONEOS_DEPLOYMENT_TARGET = 14.0;
				LD_RUNPATH_SEARCH_PATHS = (
					"$(inherited)",
					"@executable_path/Frameworks",
					"@loader_path/Frameworks",
				);
				PRODUCT_BUNDLE_IDENTIFIER = com.marsluo.MeasurementTests;
				PRODUCT_NAME = "$(TARGET_NAME)";
				SWIFT_VERSION = 5.0;
				TARGETED_DEVICE_FAMILY = "1,2";
				TEST_HOST = "$(BUILT_PRODUCTS_DIR)/Measurement.app/Measurement";
			};
			name = Debug;
		};
		BE4BEC2725C8EBB800C8A50F /* Release */ = {
			isa = XCBuildConfiguration;
			buildSettings = {
				ALWAYS_EMBED_SWIFT_STANDARD_LIBRARIES = YES;
				BUNDLE_LOADER = "$(TEST_HOST)";
				CODE_SIGN_STYLE = Automatic;
				DEVELOPMENT_TEAM = 2F3WD5F3Z3;
				INFOPLIST_FILE = MeasurementTests/Info.plist;
				IPHONEOS_DEPLOYMENT_TARGET = 14.0;
				LD_RUNPATH_SEARCH_PATHS = (
					"$(inherited)",
					"@executable_path/Frameworks",
					"@loader_path/Frameworks",
				);
				PRODUCT_BUNDLE_IDENTIFIER = com.marsluo.MeasurementTests;
				PRODUCT_NAME = "$(TARGET_NAME)";
				SWIFT_VERSION = 5.0;
				TARGETED_DEVICE_FAMILY = "1,2";
				TEST_HOST = "$(BUILT_PRODUCTS_DIR)/Measurement.app/Measurement";
			};
			name = Release;
		};
		BE4BEC2925C8EBB800C8A50F /* Debug */ = {
			isa = XCBuildConfiguration;
			buildSettings = {
				ALWAYS_EMBED_SWIFT_STANDARD_LIBRARIES = YES;
				CODE_SIGN_STYLE = Automatic;
				DEVELOPMENT_TEAM = 2F3WD5F3Z3;
				INFOPLIST_FILE = MeasurementUITests/Info.plist;
				LD_RUNPATH_SEARCH_PATHS = (
					"$(inherited)",
					"@executable_path/Frameworks",
					"@loader_path/Frameworks",
				);
				PRODUCT_BUNDLE_IDENTIFIER = com.marsluo.MeasurementUITests;
				PRODUCT_NAME = "$(TARGET_NAME)";
				SWIFT_VERSION = 5.0;
				TARGETED_DEVICE_FAMILY = "1,2";
				TEST_TARGET_NAME = Measurement;
			};
			name = Debug;
		};
		BE4BEC2A25C8EBB800C8A50F /* Release */ = {
			isa = XCBuildConfiguration;
			buildSettings = {
				ALWAYS_EMBED_SWIFT_STANDARD_LIBRARIES = YES;
				CODE_SIGN_STYLE = Automatic;
				DEVELOPMENT_TEAM = 2F3WD5F3Z3;
				INFOPLIST_FILE = MeasurementUITests/Info.plist;
				LD_RUNPATH_SEARCH_PATHS = (
					"$(inherited)",
					"@executable_path/Frameworks",
					"@loader_path/Frameworks",
				);
				PRODUCT_BUNDLE_IDENTIFIER = com.marsluo.MeasurementUITests;
				PRODUCT_NAME = "$(TARGET_NAME)";
				SWIFT_VERSION = 5.0;
				TARGETED_DEVICE_FAMILY = "1,2";
				TEST_TARGET_NAME = Measurement;
			};
			name = Release;
		};
/* End XCBuildConfiguration section */

/* Begin XCConfigurationList section */
		BE4BEBF825C8EBB400C8A50F /* Build configuration list for PBXProject "Measurement" */ = {
			isa = XCConfigurationList;
			buildConfigurations = (
				BE4BEC2025C8EBB800C8A50F /* Debug */,
				BE4BEC2125C8EBB800C8A50F /* Release */,
			);
			defaultConfigurationIsVisible = 0;
			defaultConfigurationName = Release;
		};
		BE4BEC2225C8EBB800C8A50F /* Build configuration list for PBXNativeTarget "Measurement" */ = {
			isa = XCConfigurationList;
			buildConfigurations = (
				BE4BEC2325C8EBB800C8A50F /* Debug */,
				BE4BEC2425C8EBB800C8A50F /* Release */,
			);
			defaultConfigurationIsVisible = 0;
			defaultConfigurationName = Release;
		};
		BE4BEC2525C8EBB800C8A50F /* Build configuration list for PBXNativeTarget "MeasurementTests" */ = {
			isa = XCConfigurationList;
			buildConfigurations = (
				BE4BEC2625C8EBB800C8A50F /* Debug */,
				BE4BEC2725C8EBB800C8A50F /* Release */,
			);
			defaultConfigurationIsVisible = 0;
			defaultConfigurationName = Release;
		};
		BE4BEC2825C8EBB800C8A50F /* Build configuration list for PBXNativeTarget "MeasurementUITests" */ = {
			isa = XCConfigurationList;
			buildConfigurations = (
				BE4BEC2925C8EBB800C8A50F /* Debug */,
				BE4BEC2A25C8EBB800C8A50F /* Release */,
			);
			defaultConfigurationIsVisible = 0;
			defaultConfigurationName = Release;
		};
/* End XCConfigurationList section */
	};
	rootObject = BE4BEBF525C8EBB400C8A50F /* Project object */;
}
